
Microsoft Visual Studio Solution File, Format Version 12.00
# Visual Studio Version 17
VisualStudioVersion = 17.8.34322.80
MinimumVisualStudioVersion = 10.0.40219.1
Project("{FAE04EC0-301F-11D3-BF4B-00C04F79EFBC}") = "SP_EFDemo", "SP_EFDemo\SP_EFDemo.csproj", "{95EF68FB-9DB4-494D-B809-00EB8228E60B}"
EndProject
Global
	GlobalSection(SolutionConfigurationPlatforms) = preSolution
		Debug|Any CPU = Debug|Any CPU
		Release|Any CPU = Release|Any CPU
	EndGlobalSection
	GlobalSection(ProjectConfigurationPlatforms) = postSolution
		{95EF68FB-9DB4-494D-B809-00EB8228E60B}.Debug|Any CPU.ActiveCfg = Debug|Any CPU
		{95EF68FB-9DB4-494D-B809-00EB8228E60B}.Debug|Any CPU.Build.0 = Debug|Any CPU
		{95EF68FB-9DB4-494D-B809-00EB8228E60B}.Release|Any CPU.ActiveCfg = Release|Any CPU
		{95EF68FB-9DB4-494D-B809-00EB8228E60B}.Release|Any CPU.Build.0 = Release|Any CPU
	EndGlobalSection
	GlobalSection(SolutionProperties) = preSolution
		HideSolutionNode = FALSE
	EndGlobalSection
	GlobalSection(ExtensibilityGlobals) = postSolution
		SolutionGuid = {80E1AD0F-3523-45EF-B916-AA01EFF31C47}
	EndGlobalSection
EndGlobal
